// !$*UTF8*$!
{
	archiveVersion = 1;
	classes = {
	};
	objectVersion = 55;
	objects = {

/* Begin PBXBuildFile section */
		1808DC8B28DE3D8E007632E6 /* AppDelegate.swift in Sources */ = {isa = PBXBuildFile; fileRef = 1808DC8A28DE3D8E007632E6 /* AppDelegate.swift */; };
		1808DC8D28DE3D8E007632E6 /* SceneDelegate.swift in Sources */ = {isa = PBXBuildFile; fileRef = 1808DC8C28DE3D8E007632E6 /* SceneDelegate.swift */; };
		1808DC8F28DE3D8E007632E6 /* ViewController.swift in Sources */ = {isa = PBXBuildFile; fileRef = 1808DC8E28DE3D8E007632E6 /* ViewController.swift */; };
		1808DC9228DE3D8E007632E6 /* Main.storyboard in Resources */ = {isa = PBXBuildFile; fileRef = 1808DC9028DE3D8E007632E6 /* Main.storyboard */; };
		1808DC9528DE3D8E007632E6 /* HelloWorld.xcdatamodeld in Sources */ = {isa = PBXBuildFile; fileRef = 1808DC9328DE3D8E007632E6 /* HelloWorld.xcdatamodeld */; };
		1808DC9728DE3D97007632E6 /* Assets.xcassets in Resources */ = {isa = PBXBuildFile; fileRef = 1808DC9628DE3D97007632E6 /* Assets.xcassets */; };
		1808DC9A28DE3D97007632E6 /* LaunchScreen.storyboard in Resources */ = {isa = PBXBuildFile; fileRef = 1808DC9828DE3D97007632E6 /* LaunchScreen.storyboard */; };
		1808DCA528DE3D98007632E6 /* HelloWorldTests.swift in Sources */ = {isa = PBXBuildFile; fileRef = 1808DCA428DE3D98007632E6 /* HelloWorldTests.swift */; };
		1808DCAF28DE3D98007632E6 /* HelloWorldUITests.swift in Sources */ = {isa = PBXBuildFile; fileRef = 1808DCAE28DE3D98007632E6 /* HelloWorldUITests.swift */; };
		1808DCB128DE3D98007632E6 /* HelloWorldUITestsLaunchTests.swift in Sources */ = {isa = PBXBuildFile; fileRef = 1808DCB028DE3D98007632E6 /* HelloWorldUITestsLaunchTests.swift */; };
/* End PBXBuildFile section */

/* Begin PBXContainerItemProxy section */
		1808DCA128DE3D98007632E6 /* PBXContainerItemProxy */ = {
			isa = PBXContainerItemProxy;
			containerPortal = 1808DC7F28DE3D8E007632E6 /* Project object */;
			proxyType = 1;
			remoteGlobalIDString = 1808DC8628DE3D8E007632E6;
			remoteInfo = HelloWorld;
		};
		1808DCAB28DE3D98007632E6 /* PBXContainerItemProxy */ = {
			isa = PBXContainerItemProxy;
			containerPortal = 1808DC7F28DE3D8E007632E6 /* Project object */;
			proxyType = 1;
			remoteGlobalIDString = 1808DC8628DE3D8E007632E6;
			remoteInfo = HelloWorld;
		};
/* End PBXContainerItemProxy section */

/* Begin PBXFileReference section */
		1808DC8728DE3D8E007632E6 /* HelloWorld.app */ = {isa = PBXFileReference; explicitFileType = wrapper.application; includeInIndex = 0; path = HelloWorld.app; sourceTree = BUILT_PRODUCTS_DIR; };
		1808DC8A28DE3D8E007632E6 /* AppDelegate.swift */ = {isa = PBXFileReference; lastKnownFileType = sourcecode.swift; path = AppDelegate.swift; sourceTree = "<group>"; };
		1808DC8C28DE3D8E007632E6 /* SceneDelegate.swift */ = {isa = PBXFileReference; lastKnownFileType = sourcecode.swift; path = SceneDelegate.swift; sourceTree = "<group>"; };
		1808DC8E28DE3D8E007632E6 /* ViewController.swift */ = {isa = PBXFileReference; lastKnownFileType = sourcecode.swift; path = ViewController.swift; sourceTree = "<group>"; };
		1808DC9128DE3D8E007632E6 /* Base */ = {isa = PBXFileReference; lastKnownFileType = file.storyboard; name = Base; path = Base.lproj/Main.storyboard; sourceTree = "<group>"; };
		1808DC9428DE3D8E007632E6 /* HelloWorld.xcdatamodel */ = {isa = PBXFileReference; lastKnownFileType = wrapper.xcdatamodel; path = HelloWorld.xcdatamodel; sourceTree = "<group>"; };
		1808DC9628DE3D97007632E6 /* Assets.xcassets */ = {isa = PBXFileReference; lastKnownFileType = folder.assetcatalog; path = Assets.xcassets; sourceTree = "<group>"; };
		1808DC9928DE3D97007632E6 /* Base */ = {isa = PBXFileReference; lastKnownFileType = file.storyboard; name = Base; path = Base.lproj/LaunchScreen.storyboard; sourceTree = "<group>"; };
		1808DC9B28DE3D97007632E6 /* Info.plist */ = {isa = PBXFileReference; lastKnownFileType = text.plist.xml; path = Info.plist; sourceTree = "<group>"; };
		1808DCA028DE3D98007632E6 /* HelloWorldTests.xctest */ = {isa = PBXFileReference; explicitFileType = wrapper.cfbundle; includeInIndex = 0; path = HelloWorldTests.xctest; sourceTree = BUILT_PRODUCTS_DIR; };
		1808DCA428DE3D98007632E6 /* HelloWorldTests.swift */ = {isa = PBXFileReference; lastKnownFileType = sourcecode.swift; path = HelloWorldTests.swift; sourceTree = "<group>"; };
		1808DCAA28DE3D98007632E6 /* HelloWorldUITests.xctest */ = {isa = PBXFileReference; explicitFileType = wrapper.cfbundle; includeInIndex = 0; path = HelloWorldUITests.xctest; sourceTree = BUILT_PRODUCTS_DIR; };
		1808DCAE28DE3D98007632E6 /* HelloWorldUITests.swift */ = {isa = PBXFileReference; lastKnownFileType = sourcecode.swift; path = HelloWorldUITests.swift; sourceTree = "<group>"; };
		1808DCB028DE3D98007632E6 /* HelloWorldUITestsLaunchTests.swift */ = {isa = PBXFileReference; lastKnownFileType = sourcecode.swift; path = HelloWorldUITestsLaunchTests.swift; sourceTree = "<group>"; };
/* End PBXFileReference section */

/* Begin PBXFrameworksBuildPhase section */
		1808DC8428DE3D8E007632E6 /* Frameworks */ = {
			isa = PBXFrameworksBuildPhase;
			buildActionMask = 2147483647;
			files = (
			);
			runOnlyForDeploymentPostprocessing = 0;
		};
		1808DC9D28DE3D98007632E6 /* Frameworks */ = {
			isa = PBXFrameworksBuildPhase;
			buildActionMask = 2147483647;
			files = (
			);
			runOnlyForDeploymentPostprocessing = 0;
		};
		1808DCA728DE3D98007632E6 /* Frameworks */ = {
			isa = PBXFrameworksBuildPhase;
			buildActionMask = 2147483647;
			files = (
			);
			runOnlyForDeploymentPostprocessing = 0;
		};
/* End PBXFrameworksBuildPhase section */

/* Begin PBXGroup section */
		1808DC7E28DE3D8E007632E6 = {
			isa = PBXGroup;
			children = (
				1808DC8928DE3D8E007632E6 /* HelloWorld */,
				1808DCA328DE3D98007632E6 /* HelloWorldTests */,
				1808DCAD28DE3D98007632E6 /* HelloWorldUITests */,
				1808DC8828DE3D8E007632E6 /* Products */,
			);
			sourceTree = "<group>";
		};
		1808DC8828DE3D8E007632E6 /* Products */ = {
			isa = PBXGroup;
			children = (
				1808DC8728DE3D8E007632E6 /* HelloWorld.app */,
				1808DCA028DE3D98007632E6 /* HelloWorldTests.xctest */,
				1808DCAA28DE3D98007632E6 /* HelloWorldUITests.xctest */,
			);
			name = Products;
			sourceTree = "<group>";
		};
		1808DC8928DE3D8E007632E6 /* HelloWorld */ = {
			isa = PBXGroup;
			children = (
				1808DC8A28DE3D8E007632E6 /* AppDelegate.swift */,
				1808DC8C28DE3D8E007632E6 /* SceneDelegate.swift */,
				1808DC8E28DE3D8E007632E6 /* ViewController.swift */,
				1808DC9028DE3D8E007632E6 /* Main.storyboard */,
				1808DC9628DE3D97007632E6 /* Assets.xcassets */,
				1808DC9828DE3D97007632E6 /* LaunchScreen.storyboard */,
				1808DC9B28DE3D97007632E6 /* Info.plist */,
				1808DC9328DE3D8E007632E6 /* HelloWorld.xcdatamodeld */,
			);
			path = HelloWorld;
			sourceTree = "<group>";
		};
		1808DCA328DE3D98007632E6 /* HelloWorldTests */ = {
			isa = PBXGroup;
			children = (
				1808DCA428DE3D98007632E6 /* HelloWorldTests.swift */,
			);
			path = HelloWorldTests;
			sourceTree = "<group>";
		};
		1808DCAD28DE3D98007632E6 /* HelloWorldUITests */ = {
			isa = PBXGroup;
			children = (
				1808DCAE28DE3D98007632E6 /* HelloWorldUITests.swift */,
				1808DCB028DE3D98007632E6 /* HelloWorldUITestsLaunchTests.swift */,
			);
			path = HelloWorldUITests;
			sourceTree = "<group>";
		};
/* End PBXGroup section */

/* Begin PBXNativeTarget section */
		1808DC8628DE3D8E007632E6 /* HelloWorld */ = {
			isa = PBXNativeTarget;
			buildConfigurationList = 1808DCB428DE3D98007632E6 /* Build configuration list for PBXNativeTarget "HelloWorld" */;
			buildPhases = (
				1808DC8328DE3D8E007632E6 /* Sources */,
				1808DC8428DE3D8E007632E6 /* Frameworks */,
				1808DC8528DE3D8E007632E6 /* Resources */,
			);
			buildRules = (
			);
			dependencies = (
			);
			name = HelloWorld;
			productName = HelloWorld;
			productReference = 1808DC8728DE3D8E007632E6 /* HelloWorld.app */;
			productType = "com.apple.product-type.application";
		};
		1808DC9F28DE3D98007632E6 /* HelloWorldTests */ = {
			isa = PBXNativeTarget;
			buildConfigurationList = 1808DCB728DE3D98007632E6 /* Build configuration list for PBXNativeTarget "HelloWorldTests" */;
			buildPhases = (
				1808DC9C28DE3D98007632E6 /* Sources */,
				1808DC9D28DE3D98007632E6 /* Frameworks */,
				1808DC9E28DE3D98007632E6 /* Resources */,
			);
			buildRules = (
			);
			dependencies = (
				1808DCA228DE3D98007632E6 /* PBXTargetDependency */,
			);
			name = HelloWorldTests;
			productName = HelloWorldTests;
			productReference = 1808DCA028DE3D98007632E6 /* HelloWorldTests.xctest */;
			productType = "com.apple.product-type.bundle.unit-test";
		};
		1808DCA928DE3D98007632E6 /* HelloWorldUITests */ = {
			isa = PBXNativeTarget;
			buildConfigurationList = 1808DCBA28DE3D98007632E6 /* Build configuration list for PBXNativeTarget "HelloWorldUITests" */;
			buildPhases = (
				1808DCA628DE3D98007632E6 /* Sources */,
				1808DCA728DE3D98007632E6 /* Frameworks */,
				1808DCA828DE3D98007632E6 /* Resources */,
			);
			buildRules = (
			);
			dependencies = (
				1808DCAC28DE3D98007632E6 /* PBXTargetDependency */,
			);
			name = HelloWorldUITests;
			productName = HelloWorldUITests;
			productReference = 1808DCAA28DE3D98007632E6 /* HelloWorldUITests.xctest */;
			productType = "com.apple.product-type.bundle.ui-testing";
		};
/* End PBXNativeTarget section */

/* Begin PBXProject section */
		1808DC7F28DE3D8E007632E6 /* Project object */ = {
			isa = PBXProject;
			attributes = {
				BuildIndependentTargetsInParallel = 1;
				LastSwiftUpdateCheck = 1330;
				LastUpgradeCheck = 1330;
				TargetAttributes = {
					1808DC8628DE3D8E007632E6 = {
						CreatedOnToolsVersion = 13.3.1;
					};
					1808DC9F28DE3D98007632E6 = {
						CreatedOnToolsVersion = 13.3.1;
						TestTargetID = 1808DC8628DE3D8E007632E6;
					};
					1808DCA928DE3D98007632E6 = {
						CreatedOnToolsVersion = 13.3.1;
						TestTargetID = 1808DC8628DE3D8E007632E6;
					};
				};
			};
			buildConfigurationList = 1808DC8228DE3D8E007632E6 /* Build configuration list for PBXProject "HelloWorld" */;
			compatibilityVersion = "Xcode 13.0";
			developmentRegion = en;
			hasScannedForEncodings = 0;
			knownRegions = (
				en,
				Base,
			);
			mainGroup = 1808DC7E28DE3D8E007632E6;
			productRefGroup = 1808DC8828DE3D8E007632E6 /* Products */;
			projectDirPath = "";
			projectRoot = "";
			targets = (
				1808DC8628DE3D8E007632E6 /* HelloWorld */,
				1808DC9F28DE3D98007632E6 /* HelloWorldTests */,
				1808DCA928DE3D98007632E6 /* HelloWorldUITests */,
			);
		};
/* End PBXProject section */

/* Begin PBXResourcesBuildPhase section */
		1808DC8528DE3D8E007632E6 /* Resources */ = {
			isa = PBXResourcesBuildPhase;
			buildActionMask = 2147483647;
			files = (
				1808DC9A28DE3D97007632E6 /* LaunchScreen.storyboard in Resources */,
				1808DC9728DE3D97007632E6 /* Assets.xcassets in Resources */,
				1808DC9228DE3D8E007632E6 /* Main.storyboard in Resources */,
			);
			runOnlyForDeploymentPostprocessing = 0;
		};
		1808DC9E28DE3D98007632E6 /* Resources */ = {
			isa = PBXResourcesBuildPhase;
			buildActionMask = 2147483647;
			files = (
			);
			runOnlyForDeploymentPostprocessing = 0;
		};
		1808DCA828DE3D98007632E6 /* Resources */ = {
			isa = PBXResourcesBuildPhase;
			buildActionMask = 2147483647;
			files = (
			);
			runOnlyForDeploymentPostprocessing = 0;
		};
/* End PBXResourcesBuildPhase section */

/* Begin PBXSourcesBuildPhase section */
		1808DC8328DE3D8E007632E6 /* Sources */ = {
			isa = PBXSourcesBuildPhase;
			buildActionMask = 2147483647;
			files = (
				1808DC8F28DE3D8E007632E6 /* ViewController.swift in Sources */,
				1808DC8B28DE3D8E007632E6 /* AppDelegate.swift in Sources */,
				1808DC8D28DE3D8E007632E6 /* SceneDelegate.swift in Sources */,
				1808DC9528DE3D8E007632E6 /* HelloWorld.xcdatamodeld in Sources */,
			);
			runOnlyForDeploymentPostprocessing = 0;
		};
		1808DC9C28DE3D98007632E6 /* Sources */ = {
			isa = PBXSourcesBuildPhase;
			buildActionMask = 2147483647;
			files = (
				1808DCA528DE3D98007632E6 /* HelloWorldTests.swift in Sources */,
			);
			runOnlyForDeploymentPostprocessing = 0;
		};
		1808DCA628DE3D98007632E6 /* Sources */ = {
			isa = PBXSourcesBuildPhase;
			buildActionMask = 2147483647;
			files = (
				1808DCB128DE3D98007632E6 /* HelloWorldUITestsLaunchTests.swift in Sources */,
				1808DCAF28DE3D98007632E6 /* HelloWorldUITests.swift in Sources */,
			);
			runOnlyForDeploymentPostprocessing = 0;
		};
/* End PBXSourcesBuildPhase section */

/* Begin PBXTargetDependency section */
		1808DCA228DE3D98007632E6 /* PBXTargetDependency */ = {
			isa = PBXTargetDependency;
			target = 1808DC8628DE3D8E007632E6 /* HelloWorld */;
			targetProxy = 1808DCA128DE3D98007632E6 /* PBXContainerItemProxy */;
		};
		1808DCAC28DE3D98007632E6 /* PBXTargetDependency */ = {
			isa = PBXTargetDependency;
			target = 1808DC8628DE3D8E007632E6 /* HelloWorld */;
			targetProxy = 1808DCAB28DE3D98007632E6 /* PBXContainerItemProxy */;
		};
/* End PBXTargetDependency section */

/* Begin PBXVariantGroup section */
		1808DC9028DE3D8E007632E6 /* Main.storyboard */ = {
			isa = PBXVariantGroup;
			children = (
				1808DC9128DE3D8E007632E6 /* Base */,
			);
			name = Main.storyboard;
			sourceTree = "<group>";
		};
		1808DC9828DE3D97007632E6 /* LaunchScreen.storyboard */ = {
			isa = PBXVariantGroup;
			children = (
				1808DC9928DE3D97007632E6 /* Base */,
			);
			name = LaunchScreen.storyboard;
			sourceTree = "<group>";
		};
/* End PBXVariantGroup section */

/* Begin XCBuildConfiguration section */
		1808DCB228DE3D98007632E6 /* Debug */ = {
			isa = XCBuildConfiguration;
			buildSettings = {
				ALWAYS_SEARCH_USER_PATHS = NO;
				CLANG_ANALYZER_NONNULL = YES;
				CLANG_ANALYZER_NUMBER_OBJECT_CONVERSION = YES_AGGRESSIVE;
				CLANG_CXX_LANGUAGE_STANDARD = "gnu++17";
				CLANG_ENABLE_MODULES = YES;
				CLANG_ENABLE_OBJC_ARC = YES;
				CLANG_ENABLE_OBJC_WEAK = YES;
				CLANG_WARN_BLOCK_CAPTURE_AUTORELEASING = YES;
				CLANG_WARN_BOOL_CONVERSION = YES;
				CLANG_WARN_COMMA = YES;
				CLANG_WARN_CONSTANT_CONVERSION = YES;
				CLANG_WARN_DEPRECATED_OBJC_IMPLEMENTATIONS = YES;
				CLANG_WARN_DIRECT_OBJC_ISA_USAGE = YES_ERROR;
				CLANG_WARN_DOCUMENTATION_COMMENTS = YES;
				CLANG_WARN_EMPTY_BODY = YES;
				CLANG_WARN_ENUM_CONVERSION = YES;
				CLANG_WARN_INFINITE_RECURSION = YES;
				CLANG_WARN_INT_CONVERSION = YES;
				CLANG_WARN_NON_LITERAL_NULL_CONVERSION = YES;
				CLANG_WARN_OBJC_IMPLICIT_RETAIN_SELF = YES;
				CLANG_WARN_OBJC_LITERAL_CONVERSION = YES;
				CLANG_WARN_OBJC_ROOT_CLASS = YES_ERROR;
				CLANG_WARN_QUOTED_INCLUDE_IN_FRAMEWORK_HEADER = YES;
				CLANG_WARN_RANGE_LOOP_ANALYSIS = YES;
				CLANG_WARN_STRICT_PROTOTYPES = YES;
				CLANG_WARN_SUSPICIOUS_MOVE = YES;
				CLANG_WARN_UNGUARDED_AVAILABILITY = YES_AGGRESSIVE;
				CLANG_WARN_UNREACHABLE_CODE = YES;
				CLANG_WARN__DUPLICATE_METHOD_MATCH = YES;
				COPY_PHASE_STRIP = NO;
				DEBUG_INFORMATION_FORMAT = dwarf;
				ENABLE_STRICT_OBJC_MSGSEND = YES;
				ENABLE_TESTABILITY = YES;
				GCC_C_LANGUAGE_STANDARD = gnu11;
				GCC_DYNAMIC_NO_PIC = NO;
				GCC_NO_COMMON_BLOCKS = YES;
				GCC_OPTIMIZATION_LEVEL = 0;
				GCC_PREPROCESSOR_DEFINITIONS = (
					"DEBUG=1",
					"$(inherited)",
				);
				GCC_WARN_64_TO_32_BIT_CONVERSION = YES;
				GCC_WARN_ABOUT_RETURN_TYPE = YES_ERROR;
				GCC_WARN_UNDECLARED_SELECTOR = YES;
				GCC_WARN_UNINITIALIZED_AUTOS = YES_AGGRESSIVE;
				GCC_WARN_UNUSED_FUNCTION = YES;
				GCC_WARN_UNUSED_VARIABLE = YES;
				IPHONEOS_DEPLOYMENT_TARGET = 15.4;
				MTL_ENABLE_DEBUG_INFO = INCLUDE_SOURCE;
				MTL_FAST_MATH = YES;
				ONLY_ACTIVE_ARCH = YES;
				SDKROOT = iphoneos;
				SWIFT_ACTIVE_COMPILATION_CONDITIONS = DEBUG;
				SWIFT_OPTIMIZATION_LEVEL = "-Onone";
			};
			name = Debug;
		};
		1808DCB328DE3D98007632E6 /* Release */ = {
			isa = XCBuildConfiguration;
			buildSettings = {
				ALWAYS_SEARCH_USER_PATHS = NO;
				CLANG_ANALYZER_NONNULL = YES;
				CLANG_ANALYZER_NUMBER_OBJECT_CONVERSION = YES_AGGRESSIVE;
				CLANG_CXX_LANGUAGE_STANDARD = "gnu++17";
				CLANG_ENABLE_MODULES = YES;
				CLANG_ENABLE_OBJC_ARC = YES;
				CLANG_ENABLE_OBJC_WEAK = YES;
				CLANG_WARN_BLOCK_CAPTURE_AUTORELEASING = YES;
				CLANG_WARN_BOOL_CONVERSION = YES;
				CLANG_WARN_COMMA = YES;
				CLANG_WARN_CONSTANT_CONVERSION = YES;
				CLANG_WARN_DEPRECATED_OBJC_IMPLEMENTATIONS = YES;
				CLANG_WARN_DIRECT_OBJC_ISA_USAGE = YES_ERROR;
				CLANG_WARN_DOCUMENTATION_COMMENTS = YES;
				CLANG_WARN_EMPTY_BODY = YES;
				CLANG_WARN_ENUM_CONVERSION = YES;
				CLANG_WARN_INFINITE_RECURSION = YES;
				CLANG_WARN_INT_CONVERSION = YES;
				CLANG_WARN_NON_LITERAL_NULL_CONVERSION = YES;
				CLANG_WARN_OBJC_IMPLICIT_RETAIN_SELF = YES;
				CLANG_WARN_OBJC_LITERAL_CONVERSION = YES;
				CLANG_WARN_OBJC_ROOT_CLASS = YES_ERROR;
				CLANG_WARN_QUOTED_INCLUDE_IN_FRAMEWORK_HEADER = YES;
				CLANG_WARN_RANGE_LOOP_ANALYSIS = YES;
				CLANG_WARN_STRICT_PROTOTYPES = YES;
				CLANG_WARN_SUSPICIOUS_MOVE = YES;
				CLANG_WARN_UNGUARDED_AVAILABILITY = YES_AGGRESSIVE;
				CLANG_WARN_UNREACHABLE_CODE = YES;
				CLANG_WARN__DUPLICATE_METHOD_MATCH = YES;
				COPY_PHASE_STRIP = NO;
				DEBUG_INFORMATION_FORMAT = "dwarf-with-dsym";
				ENABLE_NS_ASSERTIONS = NO;
				ENABLE_STRICT_OBJC_MSGSEND = YES;
				GCC_C_LANGUAGE_STANDARD = gnu11;
				GCC_NO_COMMON_BLOCKS = YES;
				GCC_WARN_64_TO_32_BIT_CONVERSION = YES;
				GCC_WARN_ABOUT_RETURN_TYPE = YES_ERROR;
				GCC_WARN_UNDECLARED_SELECTOR = YES;
				GCC_WARN_UNINITIALIZED_AUTOS = YES_AGGRESSIVE;
				GCC_WARN_UNUSED_FUNCTION = YES;
				GCC_WARN_UNUSED_VARIABLE = YES;
				IPHONEOS_DEPLOYMENT_TARGET = 15.4;
				MTL_ENABLE_DEBUG_INFO = NO;
				MTL_FAST_MATH = YES;
				SDKROOT = iphoneos;
				SWIFT_COMPILATION_MODE = wholemodule;
				SWIFT_OPTIMIZATION_LEVEL = "-O";
				VALIDATE_PRODUCT = YES;
			};
			name = Release;
		};
		1808DCB528DE3D98007632E6 /* Debug */ = {
			isa = XCBuildConfiguration;
			buildSettings = {
				ASSETCATALOG_COMPILER_APPICON_NAME = AppIcon;
				ASSETCATALOG_COMPILER_GLOBAL_ACCENT_COLOR_NAME = AccentColor;
				CODE_SIGN_STYLE = Automatic;
				CURRENT_PROJECT_VERSION = 1;
				GENERATE_INFOPLIST_FILE = YES;
				INFOPLIST_FILE = HelloWorld/Info.plist;
				INFOPLIST_KEY_UIApplicationSupportsIndirectInputEvents = YES;
				INFOPLIST_KEY_UILaunchStoryboardName = LaunchScreen;
				INFOPLIST_KEY_UIMainStoryboardFile = Main;
				INFOPLIST_KEY_UISupportedInterfaceOrientations_iPad = "UIInterfaceOrientationPortrait UIInterfaceOrientationPortraitUpsideDown UIInterfaceOrientationLandscapeLeft UIInterfaceOrientationLandscapeRight";
				INFOPLIST_KEY_UISupportedInterfaceOrientations_iPhone = "UIInterfaceOrientationPortrait UIInterfaceOrientationLandscapeLeft UIInterfaceOrientationLandscapeRight";
				LD_RUNPATH_SEARCH_PATHS = (
					"$(inherited)",
					"@executable_path/Frameworks",
				);
				MARKETING_VERSION = 1.0;
				PRODUCT_BUNDLE_IDENTIFIER = com.learn.HelloWorld;
				PRODUCT_NAME = "$(TARGET_NAME)";
				SWIFT_EMIT_LOC_STRINGS = YES;
				SWIFT_VERSION = 5.0;
				TARGETED_DEVICE_FAMILY = "1,2";
			};
			name = Debug;
		};
		1808DCB628DE3D98007632E6 /* Release */ = {
			isa = XCBuildConfiguration;
			buildSettings = {
				ASSETCATALOG_COMPILER_APPICON_NAME = AppIcon;
				ASSETCATALOG_COMPILER_GLOBAL_ACCENT_COLOR_NAME = AccentColor;
				CODE_SIGN_STYLE = Automatic;
				CURRENT_PROJECT_VERSION = 1;
				GENERATE_INFOPLIST_FILE = YES;
				INFOPLIST_FILE = HelloWorld/Info.plist;
				INFOPLIST_KEY_UIApplicationSupportsIndirectInputEvents = YES;
				INFOPLIST_KEY_UILaunchStoryboardName = LaunchScreen;
				INFOPLIST_KEY_UIMainStoryboardFile = Main;
				INFOPLIST_KEY_UISupportedInterfaceOrientations_iPad = "UIInterfaceOrientationPortrait UIInterfaceOrientationPortraitUpsideDown UIInterfaceOrientationLandscapeLeft UIInterfaceOrientationLandscapeRight";
				INFOPLIST_KEY_UISupportedInterfaceOrientations_iPhone = "UIInterfaceOrientationPortrait UIInterfaceOrientationLandscapeLeft UIInterfaceOrientationLandscapeRight";
				LD_RUNPATH_SEARCH_PATHS = (
					"$(inherited)",
					"@executable_path/Frameworks",
				);
				MARKETING_VERSION = 1.0;
				PRODUCT_BUNDLE_IDENTIFIER = com.learn.HelloWorld;
				PRODUCT_NAME = "$(TARGET_NAME)";
				SWIFT_EMIT_LOC_STRINGS = YES;
				SWIFT_VERSION = 5.0;
				TARGETED_DEVICE_FAMILY = "1,2";
			};
			name = Release;
		};
		1808DCB828DE3D98007632E6 /* Debug */ = {
			isa = XCBuildConfiguration;
			buildSettings = {
				ALWAYS_EMBED_SWIFT_STANDARD_LIBRARIES = YES;
				BUNDLE_LOADER = "$(TEST_HOST)";
				CODE_SIGN_STYLE = Automatic;
				CURRENT_PROJECT_VERSION = 1;
				GENERATE_INFOPLIST_FILE = YES;
				IPHONEOS_DEPLOYMENT_TARGET = 15.4;
				MARKETING_VERSION = 1.0;
				PRODUCT_BUNDLE_IDENTIFIER = com.learn.HelloWorldTests;
				PRODUCT_NAME = "$(TARGET_NAME)";
				SWIFT_EMIT_LOC_STRINGS = NO;
				SWIFT_VERSION = 5.0;
				TARGETED_DEVICE_FAMILY = "1,2";
				TEST_HOST = "$(BUILT_PRODUCTS_DIR)/HelloWorld.app/HelloWorld";
			};
			name = Debug;
		};
		1808DCB928DE3D98007632E6 /* Release */ = {
			isa = XCBuildConfiguration;
			buildSettings = {
				ALWAYS_EMBED_SWIFT_STANDARD_LIBRARIES = YES;
				BUNDLE_LOADER = "$(TEST_HOST)";
				CODE_SIGN_STYLE = Automatic;
				CURRENT_PROJECT_VERSION = 1;
				GENERATE_INFOPLIST_FILE = YES;
				IPHONEOS_DEPLOYMENT_TARGET = 15.4;
				MARKETING_VERSION = 1.0;
				PRODUCT_BUNDLE_IDENTIFIER = com.learn.HelloWorldTests;
				PRODUCT_NAME = "$(TARGET_NAME)";
				SWIFT_EMIT_LOC_STRINGS = NO;
				SWIFT_VERSION = 5.0;
				TARGETED_DEVICE_FAMILY = "1,2";
				TEST_HOST = "$(BUILT_PRODUCTS_DIR)/HelloWorld.app/HelloWorld";
			};
			name = Release;
		};
		1808DCBB28DE3D98007632E6 /* Debug */ = {
			isa = XCBuildConfiguration;
			buildSettings = {
				ALWAYS_EMBED_SWIFT_STANDARD_LIBRARIES = YES;
				CODE_SIGN_STYLE = Automatic;
				CURRENT_PROJECT_VERSION = 1;
				GENERATE_INFOPLIST_FILE = YES;
				MARKETING_VERSION = 1.0;
				PRODUCT_BUNDLE_IDENTIFIER = com.learn.HelloWorldUITests;
				PRODUCT_NAME = "$(TARGET_NAME)";
				SWIFT_EMIT_LOC_STRINGS = NO;
				SWIFT_VERSION = 5.0;
				TARGETED_DEVICE_FAMILY = "1,2";
				TEST_TARGET_NAME = HelloWorld;
			};
			name = Debug;
		};
		1808DCBC28DE3D98007632E6 /* Release */ = {
			isa = XCBuildConfiguration;
			buildSettings = {
				ALWAYS_EMBED_SWIFT_STANDARD_LIBRARIES = YES;
				CODE_SIGN_STYLE = Automatic;
				CURRENT_PROJECT_VERSION = 1;
				GENERATE_INFOPLIST_FILE = YES;
				MARKETING_VERSION = 1.0;
				PRODUCT_BUNDLE_IDENTIFIER = com.learn.HelloWorldUITests;
				PRODUCT_NAME = "$(TARGET_NAME)";
				SWIFT_EMIT_LOC_STRINGS = NO;
				SWIFT_VERSION = 5.0;
				TARGETED_DEVICE_FAMILY = "1,2";
				TEST_TARGET_NAME = HelloWorld;
			};
			name = Release;
		};
/* End XCBuildConfiguration section */

/* Begin XCConfigurationList section */
		1808DC8228DE3D8E007632E6 /* Build configuration list for PBXProject "HelloWorld" */ = {
			isa = XCConfigurationList;
			buildConfigurations = (
				1808DCB228DE3D98007632E6 /* Debug */,
				1808DCB328DE3D98007632E6 /* Release */,
			);
			defaultConfigurationIsVisible = 0;
			defaultConfigurationName = Release;
		};
		1808DCB428DE3D98007632E6 /* Build configuration list for PBXNativeTarget "HelloWorld" */ = {
			isa = XCConfigurationList;
			buildConfigurations = (
				1808DCB528DE3D98007632E6 /* Debug */,
				1808DCB628DE3D98007632E6 /* Release */,
			);
			defaultConfigurationIsVisible = 0;
			defaultConfigurationName = Release;
		};
		1808DCB728DE3D98007632E6 /* Build configuration list for PBXNativeTarget "HelloWorldTests" */ = {
			isa = XCConfigurationList;
			buildConfigurations = (
				1808DCB828DE3D98007632E6 /* Debug */,
				1808DCB928DE3D98007632E6 /* Release */,
			);
			defaultConfigurationIsVisible = 0;
			defaultConfigurationName = Release;
		};
		1808DCBA28DE3D98007632E6 /* Build configuration list for PBXNativeTarget "HelloWorldUITests" */ = {
			isa = XCConfigurationList;
			buildConfigurations = (
				1808DCBB28DE3D98007632E6 /* Debug */,
				1808DCBC28DE3D98007632E6 /* Release */,
			);
			defaultConfigurationIsVisible = 0;
			defaultConfigurationName = Release;
		};
/* End XCConfigurationList section */

/* Begin XCVersionGroup section */
		1808DC9328DE3D8E007632E6 /* HelloWorld.xcdatamodeld */ = {
			isa = XCVersionGroup;
			children = (
				1808DC9428DE3D8E007632E6 /* HelloWorld.xcdatamodel */,
			);
			currentVersion = 1808DC9428DE3D8E007632E6 /* HelloWorld.xcdatamodel */;
			path = HelloWorld.xcdatamodeld;
			sourceTree = "<group>";
			versionGroupType = wrapper.xcdatamodel;
		};
/* End XCVersionGroup section */
	};
	rootObject = 1808DC7F28DE3D8E007632E6 /* Project object */;
}
