// !$*UTF8*$!
{
	archiveVersion = 1;
	classes = {
	};
	objectVersion = 56;
	objects = {

/* Begin PBXBuildFile section */
		18CBDFE828F92F45000BE654 /* AppDelegate.swift in Sources */ = {isa = PBXBuildFile; fileRef = 18CBDFE728F92F45000BE654 /* AppDelegate.swift */; };
		18CBDFEA28F92F45000BE654 /* SceneDelegate.swift in Sources */ = {isa = PBXBuildFile; fileRef = 18CBDFE928F92F45000BE654 /* SceneDelegate.swift */; };
		18CBDFEC28F92F45000BE654 /* ViewController.swift in Sources */ = {isa = PBXBuildFile; fileRef = 18CBDFEB28F92F45000BE654 /* ViewController.swift */; };
		18CBDFEF28F92F45000BE654 /* Main.storyboard in Resources */ = {isa = PBXBuildFile; fileRef = 18CBDFED28F92F45000BE654 /* Main.storyboard */; };
		18CBDFF128F92F47000BE654 /* Assets.xcassets in Resources */ = {isa = PBXBuildFile; fileRef = 18CBDFF028F92F47000BE654 /* Assets.xcassets */; };
		18CBDFF428F92F47000BE654 /* LaunchScreen.storyboard in Resources */ = {isa = PBXBuildFile; fileRef = 18CBDFF228F92F47000BE654 /* LaunchScreen.storyboard */; };
		18CBDFFC28F948D4000BE654 /* SettingViewController.swift in Sources */ = {isa = PBXBuildFile; fileRef = 18CBDFFB28F948D4000BE654 /* SettingViewController.swift */; };
		18DC019828FDCE9F00DAE0B4 /* AppProtocols.swift in Sources */ = {isa = PBXBuildFile; fileRef = 18DC019728FDCE9F00DAE0B4 /* AppProtocols.swift */; };
/* End PBXBuildFile section */

/* Begin PBXFileReference section */
		18CBDFE428F92F45000BE654 /* ProtocolAndDelegateSample.app */ = {isa = PBXFileReference; explicitFileType = wrapper.application; includeInIndex = 0; path = ProtocolAndDelegateSample.app; sourceTree = BUILT_PRODUCTS_DIR; };
		18CBDFE728F92F45000BE654 /* AppDelegate.swift */ = {isa = PBXFileReference; lastKnownFileType = sourcecode.swift; path = AppDelegate.swift; sourceTree = "<group>"; };
		18CBDFE928F92F45000BE654 /* SceneDelegate.swift */ = {isa = PBXFileReference; lastKnownFileType = sourcecode.swift; path = SceneDelegate.swift; sourceTree = "<group>"; };
		18CBDFEB28F92F45000BE654 /* ViewController.swift */ = {isa = PBXFileReference; lastKnownFileType = sourcecode.swift; path = ViewController.swift; sourceTree = "<group>"; };
		18CBDFEE28F92F45000BE654 /* Base */ = {isa = PBXFileReference; lastKnownFileType = file.storyboard; name = Base; path = Base.lproj/Main.storyboard; sourceTree = "<group>"; };
		18CBDFF028F92F47000BE654 /* Assets.xcassets */ = {isa = PBXFileReference; lastKnownFileType = folder.assetcatalog; path = Assets.xcassets; sourceTree = "<group>"; };
		18CBDFF328F92F47000BE654 /* Base */ = {isa = PBXFileReference; lastKnownFileType = file.storyboard; name = Base; path = Base.lproj/LaunchScreen.storyboard; sourceTree = "<group>"; };
		18CBDFF528F92F47000BE654 /* Info.plist */ = {isa = PBXFileReference; lastKnownFileType = text.plist.xml; path = Info.plist; sourceTree = "<group>"; };
		18CBDFFB28F948D4000BE654 /* SettingViewController.swift */ = {isa = PBXFileReference; lastKnownFileType = sourcecode.swift; path = SettingViewController.swift; sourceTree = "<group>"; };
		18DC019728FDCE9F00DAE0B4 /* AppProtocols.swift */ = {isa = PBXFileReference; lastKnownFileType = sourcecode.swift; name = AppProtocols.swift; path = protocols/AppProtocols.swift; sourceTree = "<group>"; };
/* End PBXFileReference section */

/* Begin PBXFrameworksBuildPhase section */
		18CBDFE128F92F45000BE654 /* Frameworks */ = {
			isa = PBXFrameworksBuildPhase;
			buildActionMask = 2147483647;
			files = (
			);
			runOnlyForDeploymentPostprocessing = 0;
		};
/* End PBXFrameworksBuildPhase section */

/* Begin PBXGroup section */
		18CBDFDB28F92F45000BE654 = {
			isa = PBXGroup;
			children = (
				18CBDFE628F92F45000BE654 /* ProtocolAndDelegateSample */,
				18CBDFE528F92F45000BE654 /* Products */,
			);
			sourceTree = "<group>";
		};
		18CBDFE528F92F45000BE654 /* Products */ = {
			isa = PBXGroup;
			children = (
				18CBDFE428F92F45000BE654 /* ProtocolAndDelegateSample.app */,
			);
			name = Products;
			sourceTree = "<group>";
		};
		18CBDFE628F92F45000BE654 /* ProtocolAndDelegateSample */ = {
			isa = PBXGroup;
			children = (
				18CBDFE728F92F45000BE654 /* AppDelegate.swift */,
				18CBDFE928F92F45000BE654 /* SceneDelegate.swift */,
				18CBDFEB28F92F45000BE654 /* ViewController.swift */,
				18CBDFED28F92F45000BE654 /* Main.storyboard */,
				18CBDFF028F92F47000BE654 /* Assets.xcassets */,
				18CBDFF228F92F47000BE654 /* LaunchScreen.storyboard */,
				18CBDFF528F92F47000BE654 /* Info.plist */,
				18CBDFFB28F948D4000BE654 /* SettingViewController.swift */,
				18DC019728FDCE9F00DAE0B4 /* AppProtocols.swift */,
			);
			path = ProtocolAndDelegateSample;
			sourceTree = "<group>";
		};
/* End PBXGroup section */

/* Begin PBXNativeTarget section */
		18CBDFE328F92F45000BE654 /* ProtocolAndDelegateSample */ = {
			isa = PBXNativeTarget;
			buildConfigurationList = 18CBDFF828F92F47000BE654 /* Build configuration list for PBXNativeTarget "ProtocolAndDelegateSample" */;
			buildPhases = (
				18CBDFE028F92F45000BE654 /* Sources */,
				18CBDFE128F92F45000BE654 /* Frameworks */,
				18CBDFE228F92F45000BE654 /* Resources */,
			);
			buildRules = (
			);
			dependencies = (
			);
			name = ProtocolAndDelegateSample;
			productName = ProtocolAndDelegateSample;
			productReference = 18CBDFE428F92F45000BE654 /* ProtocolAndDelegateSample.app */;
			productType = "com.apple.product-type.application";
		};
/* End PBXNativeTarget section */

/* Begin PBXProject section */
		18CBDFDC28F92F45000BE654 /* Project object */ = {
			isa = PBXProject;
			attributes = {
				BuildIndependentTargetsInParallel = 1;
				LastSwiftUpdateCheck = 1400;
				LastUpgradeCheck = 1400;
				TargetAttributes = {
					18CBDFE328F92F45000BE654 = {
						CreatedOnToolsVersion = 14.0.1;
					};
				};
			};
			buildConfigurationList = 18CBDFDF28F92F45000BE654 /* Build configuration list for PBXProject "ProtocolAndDelegateSample" */;
			compatibilityVersion = "Xcode 14.0";
			developmentRegion = en;
			hasScannedForEncodings = 0;
			knownRegions = (
				en,
				Base,
			);
			mainGroup = 18CBDFDB28F92F45000BE654;
			productRefGroup = 18CBDFE528F92F45000BE654 /* Products */;
			projectDirPath = "";
			projectRoot = "";
			targets = (
				18CBDFE328F92F45000BE654 /* ProtocolAndDelegateSample */,
			);
		};
/* End PBXProject section */

/* Begin PBXResourcesBuildPhase section */
		18CBDFE228F92F45000BE654 /* Resources */ = {
			isa = PBXResourcesBuildPhase;
			buildActionMask = 2147483647;
			files = (
				18CBDFF428F92F47000BE654 /* LaunchScreen.storyboard in Resources */,
				18CBDFF128F92F47000BE654 /* Assets.xcassets in Resources */,
				18CBDFEF28F92F45000BE654 /* Main.storyboard in Resources */,
			);
			runOnlyForDeploymentPostprocessing = 0;
		};
/* End PBXResourcesBuildPhase section */

/* Begin PBXSourcesBuildPhase section */
		18CBDFE028F92F45000BE654 /* Sources */ = {
			isa = PBXSourcesBuildPhase;
			buildActionMask = 2147483647;
			files = (
				18CBDFEC28F92F45000BE654 /* ViewController.swift in Sources */,
				18DC019828FDCE9F00DAE0B4 /* AppProtocols.swift in Sources */,
				18CBDFE828F92F45000BE654 /* AppDelegate.swift in Sources */,
				18CBDFEA28F92F45000BE654 /* SceneDelegate.swift in Sources */,
				18CBDFFC28F948D4000BE654 /* SettingViewController.swift in Sources */,
			);
			runOnlyForDeploymentPostprocessing = 0;
		};
/* End PBXSourcesBuildPhase section */

/* Begin PBXVariantGroup section */
		18CBDFED28F92F45000BE654 /* Main.storyboard */ = {
			isa = PBXVariantGroup;
			children = (
				18CBDFEE28F92F45000BE654 /* Base */,
			);
			name = Main.storyboard;
			sourceTree = "<group>";
		};
		18CBDFF228F92F47000BE654 /* LaunchScreen.storyboard */ = {
			isa = PBXVariantGroup;
			children = (
				18CBDFF328F92F47000BE654 /* Base */,
			);
			name = LaunchScreen.storyboard;
			sourceTree = "<group>";
		};
/* End PBXVariantGroup section */

/* Begin XCBuildConfiguration section */
		18CBDFF628F92F47000BE654 /* Debug */ = {
			isa = XCBuildConfiguration;
			buildSettings = {
				ALWAYS_SEARCH_USER_PATHS = NO;
				CLANG_ANALYZER_NONNULL = YES;
				CLANG_ANALYZER_NUMBER_OBJECT_CONVERSION = YES_AGGRESSIVE;
				CLANG_CXX_LANGUAGE_STANDARD = "gnu++20";
				CLANG_ENABLE_MODULES = YES;
				CLANG_ENABLE_OBJC_ARC = YES;
				CLANG_ENABLE_OBJC_WEAK = YES;
				CLANG_WARN_BLOCK_CAPTURE_AUTORELEASING = YES;
				CLANG_WARN_BOOL_CONVERSION = YES;
				CLANG_WARN_COMMA = YES;
				CLANG_WARN_CONSTANT_CONVERSION = YES;
				CLANG_WARN_DEPRECATED_OBJC_IMPLEMENTATIONS = YES;
				CLANG_WARN_DIRECT_OBJC_ISA_USAGE = YES_ERROR;
				CLANG_WARN_DOCUMENTATION_COMMENTS = YES;
				CLANG_WARN_EMPTY_BODY = YES;
				CLANG_WARN_ENUM_CONVERSION = YES;
				CLANG_WARN_INFINITE_RECURSION = YES;
				CLANG_WARN_INT_CONVERSION = YES;
				CLANG_WARN_NON_LITERAL_NULL_CONVERSION = YES;
				CLANG_WARN_OBJC_IMPLICIT_RETAIN_SELF = YES;
				CLANG_WARN_OBJC_LITERAL_CONVERSION = YES;
				CLANG_WARN_OBJC_ROOT_CLASS = YES_ERROR;
				CLANG_WARN_QUOTED_INCLUDE_IN_FRAMEWORK_HEADER = YES;
				CLANG_WARN_RANGE_LOOP_ANALYSIS = YES;
				CLANG_WARN_STRICT_PROTOTYPES = YES;
				CLANG_WARN_SUSPICIOUS_MOVE = YES;
				CLANG_WARN_UNGUARDED_AVAILABILITY = YES_AGGRESSIVE;
				CLANG_WARN_UNREACHABLE_CODE = YES;
				CLANG_WARN__DUPLICATE_METHOD_MATCH = YES;
				COPY_PHASE_STRIP = NO;
				DEBUG_INFORMATION_FORMAT = dwarf;
				ENABLE_STRICT_OBJC_MSGSEND = YES;
				ENABLE_TESTABILITY = YES;
				GCC_C_LANGUAGE_STANDARD = gnu11;
				GCC_DYNAMIC_NO_PIC = NO;
				GCC_NO_COMMON_BLOCKS = YES;
				GCC_OPTIMIZATION_LEVEL = 0;
				GCC_PREPROCESSOR_DEFINITIONS = (
					"DEBUG=1",
					"$(inherited)",
				);
				GCC_WARN_64_TO_32_BIT_CONVERSION = YES;
				GCC_WARN_ABOUT_RETURN_TYPE = YES_ERROR;
				GCC_WARN_UNDECLARED_SELECTOR = YES;
				GCC_WARN_UNINITIALIZED_AUTOS = YES_AGGRESSIVE;
				GCC_WARN_UNUSED_FUNCTION = YES;
				GCC_WARN_UNUSED_VARIABLE = YES;
				IPHONEOS_DEPLOYMENT_TARGET = 16.0;
				MTL_ENABLE_DEBUG_INFO = INCLUDE_SOURCE;
				MTL_FAST_MATH = YES;
				ONLY_ACTIVE_ARCH = YES;
				SDKROOT = iphoneos;
				SWIFT_ACTIVE_COMPILATION_CONDITIONS = DEBUG;
				SWIFT_OPTIMIZATION_LEVEL = "-Onone";
			};
			name = Debug;
		};
		18CBDFF728F92F47000BE654 /* Release */ = {
			isa = XCBuildConfiguration;
			buildSettings = {
				ALWAYS_SEARCH_USER_PATHS = NO;
				CLANG_ANALYZER_NONNULL = YES;
				CLANG_ANALYZER_NUMBER_OBJECT_CONVERSION = YES_AGGRESSIVE;
				CLANG_CXX_LANGUAGE_STANDARD = "gnu++20";
				CLANG_ENABLE_MODULES = YES;
				CLANG_ENABLE_OBJC_ARC = YES;
				CLANG_ENABLE_OBJC_WEAK = YES;
				CLANG_WARN_BLOCK_CAPTURE_AUTORELEASING = YES;
				CLANG_WARN_BOOL_CONVERSION = YES;
				CLANG_WARN_COMMA = YES;
				CLANG_WARN_CONSTANT_CONVERSION = YES;
				CLANG_WARN_DEPRECATED_OBJC_IMPLEMENTATIONS = YES;
				CLANG_WARN_DIRECT_OBJC_ISA_USAGE = YES_ERROR;
				CLANG_WARN_DOCUMENTATION_COMMENTS = YES;
				CLANG_WARN_EMPTY_BODY = YES;
				CLANG_WARN_ENUM_CONVERSION = YES;
				CLANG_WARN_INFINITE_RECURSION = YES;
				CLANG_WARN_INT_CONVERSION = YES;
				CLANG_WARN_NON_LITERAL_NULL_CONVERSION = YES;
				CLANG_WARN_OBJC_IMPLICIT_RETAIN_SELF = YES;
				CLANG_WARN_OBJC_LITERAL_CONVERSION = YES;
				CLANG_WARN_OBJC_ROOT_CLASS = YES_ERROR;
				CLANG_WARN_QUOTED_INCLUDE_IN_FRAMEWORK_HEADER = YES;
				CLANG_WARN_RANGE_LOOP_ANALYSIS = YES;
				CLANG_WARN_STRICT_PROTOTYPES = YES;
				CLANG_WARN_SUSPICIOUS_MOVE = YES;
				CLANG_WARN_UNGUARDED_AVAILABILITY = YES_AGGRESSIVE;
				CLANG_WARN_UNREACHABLE_CODE = YES;
				CLANG_WARN__DUPLICATE_METHOD_MATCH = YES;
				COPY_PHASE_STRIP = NO;
				DEBUG_INFORMATION_FORMAT = "dwarf-with-dsym";
				ENABLE_NS_ASSERTIONS = NO;
				ENABLE_STRICT_OBJC_MSGSEND = YES;
				GCC_C_LANGUAGE_STANDARD = gnu11;
				GCC_NO_COMMON_BLOCKS = YES;
				GCC_WARN_64_TO_32_BIT_CONVERSION = YES;
				GCC_WARN_ABOUT_RETURN_TYPE = YES_ERROR;
				GCC_WARN_UNDECLARED_SELECTOR = YES;
				GCC_WARN_UNINITIALIZED_AUTOS = YES_AGGRESSIVE;
				GCC_WARN_UNUSED_FUNCTION = YES;
				GCC_WARN_UNUSED_VARIABLE = YES;
				IPHONEOS_DEPLOYMENT_TARGET = 16.0;
				MTL_ENABLE_DEBUG_INFO = NO;
				MTL_FAST_MATH = YES;
				SDKROOT = iphoneos;
				SWIFT_COMPILATION_MODE = wholemodule;
				SWIFT_OPTIMIZATION_LEVEL = "-O";
				VALIDATE_PRODUCT = YES;
			};
			name = Release;
		};
		18CBDFF928F92F47000BE654 /* Debug */ = {
			isa = XCBuildConfiguration;
			buildSettings = {
				ASSETCATALOG_COMPILER_APPICON_NAME = AppIcon;
				ASSETCATALOG_COMPILER_GLOBAL_ACCENT_COLOR_NAME = AccentColor;
				CODE_SIGN_STYLE = Automatic;
				CURRENT_PROJECT_VERSION = 1;
				GENERATE_INFOPLIST_FILE = YES;
				INFOPLIST_FILE = ProtocolAndDelegateSample/Info.plist;
				INFOPLIST_KEY_UIApplicationSupportsIndirectInputEvents = YES;
				INFOPLIST_KEY_UILaunchStoryboardName = LaunchScreen;
				INFOPLIST_KEY_UIMainStoryboardFile = Main;
				INFOPLIST_KEY_UISupportedInterfaceOrientations_iPad = "UIInterfaceOrientationPortrait UIInterfaceOrientationPortraitUpsideDown UIInterfaceOrientationLandscapeLeft UIInterfaceOrientationLandscapeRight";
				INFOPLIST_KEY_UISupportedInterfaceOrientations_iPhone = "UIInterfaceOrientationPortrait UIInterfaceOrientationLandscapeLeft UIInterfaceOrientationLandscapeRight";
				IPHONEOS_DEPLOYMENT_TARGET = 12.0;
				LD_RUNPATH_SEARCH_PATHS = (
					"$(inherited)",
					"@executable_path/Frameworks",
				);
				MARKETING_VERSION = 1.0;
				PRODUCT_BUNDLE_IDENTIFIER = com.learn.sachin.ProtocolAndDelegateSample;
				PRODUCT_NAME = "$(TARGET_NAME)";
				SWIFT_EMIT_LOC_STRINGS = YES;
				SWIFT_VERSION = 5.0;
				TARGETED_DEVICE_FAMILY = "1,2";
			};
			name = Debug;
		};
		18CBDFFA28F92F47000BE654 /* Release */ = {
			isa = XCBuildConfiguration;
			buildSettings = {
				ASSETCATALOG_COMPILER_APPICON_NAME = AppIcon;
				ASSETCATALOG_COMPILER_GLOBAL_ACCENT_COLOR_NAME = AccentColor;
				CODE_SIGN_STYLE = Automatic;
				CURRENT_PROJECT_VERSION = 1;
				GENERATE_INFOPLIST_FILE = YES;
				INFOPLIST_FILE = ProtocolAndDelegateSample/Info.plist;
				INFOPLIST_KEY_UIApplicationSupportsIndirectInputEvents = YES;
				INFOPLIST_KEY_UILaunchStoryboardName = LaunchScreen;
				INFOPLIST_KEY_UIMainStoryboardFile = Main;
				INFOPLIST_KEY_UISupportedInterfaceOrientations_iPad = "UIInterfaceOrientationPortrait UIInterfaceOrientationPortraitUpsideDown UIInterfaceOrientationLandscapeLeft UIInterfaceOrientationLandscapeRight";
				INFOPLIST_KEY_UISupportedInterfaceOrientations_iPhone = "UIInterfaceOrientationPortrait UIInterfaceOrientationLandscapeLeft UIInterfaceOrientationLandscapeRight";
				IPHONEOS_DEPLOYMENT_TARGET = 12.0;
				LD_RUNPATH_SEARCH_PATHS = (
					"$(inherited)",
					"@executable_path/Frameworks",
				);
				MARKETING_VERSION = 1.0;
				PRODUCT_BUNDLE_IDENTIFIER = com.learn.sachin.ProtocolAndDelegateSample;
				PRODUCT_NAME = "$(TARGET_NAME)";
				SWIFT_EMIT_LOC_STRINGS = YES;
				SWIFT_VERSION = 5.0;
				TARGETED_DEVICE_FAMILY = "1,2";
			};
			name = Release;
		};
/* End XCBuildConfiguration section */

/* Begin XCConfigurationList section */
		18CBDFDF28F92F45000BE654 /* Build configuration list for PBXProject "ProtocolAndDelegateSample" */ = {
			isa = XCConfigurationList;
			buildConfigurations = (
				18CBDFF628F92F47000BE654 /* Debug */,
				18CBDFF728F92F47000BE654 /* Release */,
			);
			defaultConfigurationIsVisible = 0;
			defaultConfigurationName = Release;
		};
		18CBDFF828F92F47000BE654 /* Build configuration list for PBXNativeTarget "ProtocolAndDelegateSample" */ = {
			isa = XCConfigurationList;
			buildConfigurations = (
				18CBDFF928F92F47000BE654 /* Debug */,
				18CBDFFA28F92F47000BE654 /* Release */,
			);
			defaultConfigurationIsVisible = 0;
			defaultConfigurationName = Release;
		};
/* End XCConfigurationList section */
	};
	rootObject = 18CBDFDC28F92F45000BE654 /* Project object */;
}
